// !$*UTF8*$!
{
	archiveVersion = 1;
	classes = {
	};
	objectVersion = 50;
	objects = {

/* Begin PBXBuildFile section */
		53DC0664246C6D7B009B45D6 /* AppDelegate.swift in Sources */ = {isa = PBXBuildFile; fileRef = 53DC0663246C6D7B009B45D6 /* AppDelegate.swift */; };
		53DC0666246C6D7B009B45D6 /* SceneDelegate.swift in Sources */ = {isa = PBXBuildFile; fileRef = 53DC0665246C6D7B009B45D6 /* SceneDelegate.swift */; };
		53DC0668246C6D7B009B45D6 /* ContentView.swift in Sources */ = {isa = PBXBuildFile; fileRef = 53DC0667246C6D7B009B45D6 /* ContentView.swift */; };
		53DC066A246C6D7D009B45D6 /* Assets.xcassets in Resources */ = {isa = PBXBuildFile; fileRef = 53DC0669246C6D7D009B45D6 /* Assets.xcassets */; };
		53DC066D246C6D7D009B45D6 /* Preview Assets.xcassets in Resources */ = {isa = PBXBuildFile; fileRef = 53DC066C246C6D7D009B45D6 /* Preview Assets.xcassets */; };
		53DC0670246C6D7D009B45D6 /* LaunchScreen.storyboard in Resources */ = {isa = PBXBuildFile; fileRef = 53DC066E246C6D7D009B45D6 /* LaunchScreen.storyboard */; };
		53DC067B246C6D7D009B45D6 /* MyFirstAppTests.swift in Sources */ = {isa = PBXBuildFile; fileRef = 53DC067A246C6D7D009B45D6 /* MyFirstAppTests.swift */; };
		53DC0686246C6D7D009B45D6 /* MyFirstAppUITests.swift in Sources */ = {isa = PBXBuildFile; fileRef = 53DC0685246C6D7D009B45D6 /* MyFirstAppUITests.swift */; };
		53DC06962472C079009B45D6 /* ReadingContent.swift in Sources */ = {isa = PBXBuildFile; fileRef = 53DC06952472C079009B45D6 /* ReadingContent.swift */; };
/* End PBXBuildFile section */

/* Begin PBXContainerItemProxy section */
		53DC0677246C6D7D009B45D6 /* PBXContainerItemProxy */ = {
			isa = PBXContainerItemProxy;
			containerPortal = 53DC0658246C6D7B009B45D6 /* Project object */;
			proxyType = 1;
			remoteGlobalIDString = 53DC065F246C6D7B009B45D6;
			remoteInfo = MyFirstApp;
		};
		53DC0682246C6D7D009B45D6 /* PBXContainerItemProxy */ = {
			isa = PBXContainerItemProxy;
			containerPortal = 53DC0658246C6D7B009B45D6 /* Project object */;
			proxyType = 1;
			remoteGlobalIDString = 53DC065F246C6D7B009B45D6;
			remoteInfo = MyFirstApp;
		};
/* End PBXContainerItemProxy section */

/* Begin PBXFileReference section */
		53DC0660246C6D7B009B45D6 /* MyFirstApp.app */ = {isa = PBXFileReference; explicitFileType = wrapper.application; includeInIndex = 0; path = MyFirstApp.app; sourceTree = BUILT_PRODUCTS_DIR; };
		53DC0663246C6D7B009B45D6 /* AppDelegate.swift */ = {isa = PBXFileReference; lastKnownFileType = sourcecode.swift; path = AppDelegate.swift; sourceTree = "<group>"; };
		53DC0665246C6D7B009B45D6 /* SceneDelegate.swift */ = {isa = PBXFileReference; lastKnownFileType = sourcecode.swift; path = SceneDelegate.swift; sourceTree = "<group>"; };
		53DC0667246C6D7B009B45D6 /* ContentView.swift */ = {isa = PBXFileReference; lastKnownFileType = sourcecode.swift; path = ContentView.swift; sourceTree = "<group>"; };
		53DC0669246C6D7D009B45D6 /* Assets.xcassets */ = {isa = PBXFileReference; lastKnownFileType = folder.assetcatalog; path = Assets.xcassets; sourceTree = "<group>"; };
		53DC066C246C6D7D009B45D6 /* Preview Assets.xcassets */ = {isa = PBXFileReference; lastKnownFileType = folder.assetcatalog; path = "Preview Assets.xcassets"; sourceTree = "<group>"; };
		53DC066F246C6D7D009B45D6 /* Base */ = {isa = PBXFileReference; lastKnownFileType = file.storyboard; name = Base; path = Base.lproj/LaunchScreen.storyboard; sourceTree = "<group>"; };
		53DC0671246C6D7D009B45D6 /* Info.plist */ = {isa = PBXFileReference; lastKnownFileType = text.plist.xml; path = Info.plist; sourceTree = "<group>"; };
		53DC0676246C6D7D009B45D6 /* MyFirstAppTests.xctest */ = {isa = PBXFileReference; explicitFileType = wrapper.cfbundle; includeInIndex = 0; path = MyFirstAppTests.xctest; sourceTree = BUILT_PRODUCTS_DIR; };
		53DC067A246C6D7D009B45D6 /* MyFirstAppTests.swift */ = {isa = PBXFileReference; lastKnownFileType = sourcecode.swift; path = MyFirstAppTests.swift; sourceTree = "<group>"; };
		53DC067C246C6D7D009B45D6 /* Info.plist */ = {isa = PBXFileReference; lastKnownFileType = text.plist.xml; path = Info.plist; sourceTree = "<group>"; };
		53DC0681246C6D7D009B45D6 /* MyFirstAppUITests.xctest */ = {isa = PBXFileReference; explicitFileType = wrapper.cfbundle; includeInIndex = 0; path = MyFirstAppUITests.xctest; sourceTree = BUILT_PRODUCTS_DIR; };
		53DC0685246C6D7D009B45D6 /* MyFirstAppUITests.swift */ = {isa = PBXFileReference; lastKnownFileType = sourcecode.swift; path = MyFirstAppUITests.swift; sourceTree = "<group>"; };
		53DC0687246C6D7D009B45D6 /* Info.plist */ = {isa = PBXFileReference; lastKnownFileType = text.plist.xml; path = Info.plist; sourceTree = "<group>"; };
		53DC06952472C079009B45D6 /* ReadingContent.swift */ = {isa = PBXFileReference; lastKnownFileType = sourcecode.swift; path = ReadingContent.swift; sourceTree = "<group>"; };
/* End PBXFileReference section */

/* Begin PBXFrameworksBuildPhase section */
		53DC065D246C6D7B009B45D6 /* Frameworks */ = {
			isa = PBXFrameworksBuildPhase;
			buildActionMask = 2147483647;
			files = (
			);
			runOnlyForDeploymentPostprocessing = 0;
		};
		53DC0673246C6D7D009B45D6 /* Frameworks */ = {
			isa = PBXFrameworksBuildPhase;
			buildActionMask = 2147483647;
			files = (
			);
			runOnlyForDeploymentPostprocessing = 0;
		};
		53DC067E246C6D7D009B45D6 /* Frameworks */ = {
			isa = PBXFrameworksBuildPhase;
			buildActionMask = 2147483647;
			files = (
			);
			runOnlyForDeploymentPostprocessing = 0;
		};
/* End PBXFrameworksBuildPhase section */

/* Begin PBXGroup section */
		53DC0657246C6D7B009B45D6 = {
			isa = PBXGroup;
			children = (
				53DC0662246C6D7B009B45D6 /* MyFirstApp */,
				53DC0679246C6D7D009B45D6 /* MyFirstAppTests */,
				53DC0684246C6D7D009B45D6 /* MyFirstAppUITests */,
				53DC0661246C6D7B009B45D6 /* Products */,
			);
			sourceTree = "<group>";
		};
		53DC0661246C6D7B009B45D6 /* Products */ = {
			isa = PBXGroup;
			children = (
				53DC0660246C6D7B009B45D6 /* MyFirstApp.app */,
				53DC0676246C6D7D009B45D6 /* MyFirstAppTests.xctest */,
				53DC0681246C6D7D009B45D6 /* MyFirstAppUITests.xctest */,
			);
			name = Products;
			sourceTree = "<group>";
		};
		53DC0662246C6D7B009B45D6 /* MyFirstApp */ = {
			isa = PBXGroup;
			children = (
				53DC0663246C6D7B009B45D6 /* AppDelegate.swift */,
				53DC0665246C6D7B009B45D6 /* SceneDelegate.swift */,
				53DC0667246C6D7B009B45D6 /* ContentView.swift */,
				53DC0669246C6D7D009B45D6 /* Assets.xcassets */,
				53DC066E246C6D7D009B45D6 /* LaunchScreen.storyboard */,
				53DC0671246C6D7D009B45D6 /* Info.plist */,
				53DC066B246C6D7D009B45D6 /* Preview Content */,
				53DC06952472C079009B45D6 /* ReadingContent.swift */,
			);
			path = MyFirstApp;
			sourceTree = "<group>";
		};
		53DC066B246C6D7D009B45D6 /* Preview Content */ = {
			isa = PBXGroup;
			children = (
				53DC066C246C6D7D009B45D6 /* Preview Assets.xcassets */,
			);
			path = "Preview Content";
			sourceTree = "<group>";
		};
		53DC0679246C6D7D009B45D6 /* MyFirstAppTests */ = {
			isa = PBXGroup;
			children = (
				53DC067A246C6D7D009B45D6 /* MyFirstAppTests.swift */,
				53DC067C246C6D7D009B45D6 /* Info.plist */,
			);
			path = MyFirstAppTests;
			sourceTree = "<group>";
		};
		53DC0684246C6D7D009B45D6 /* MyFirstAppUITests */ = {
			isa = PBXGroup;
			children = (
				53DC0685246C6D7D009B45D6 /* MyFirstAppUITests.swift */,
				53DC0687246C6D7D009B45D6 /* Info.plist */,
			);
			path = MyFirstAppUITests;
			sourceTree = "<group>";
		};
/* End PBXGroup section */

/* Begin PBXNativeTarget section */
		53DC065F246C6D7B009B45D6 /* MyFirstApp */ = {
			isa = PBXNativeTarget;
			buildConfigurationList = 53DC068A246C6D7D009B45D6 /* Build configuration list for PBXNativeTarget "MyFirstApp" */;
			buildPhases = (
				53DC065C246C6D7B009B45D6 /* Sources */,
				53DC065D246C6D7B009B45D6 /* Frameworks */,
				53DC065E246C6D7B009B45D6 /* Resources */,
			);
			buildRules = (
			);
			dependencies = (
			);
			name = MyFirstApp;
			productName = MyFirstApp;
			productReference = 53DC0660246C6D7B009B45D6 /* MyFirstApp.app */;
			productType = "com.apple.product-type.application";
		};
		53DC0675246C6D7D009B45D6 /* MyFirstAppTests */ = {
			isa = PBXNativeTarget;
			buildConfigurationList = 53DC068D246C6D7D009B45D6 /* Build configuration list for PBXNativeTarget "MyFirstAppTests" */;
			buildPhases = (
				53DC0672246C6D7D009B45D6 /* Sources */,
				53DC0673246C6D7D009B45D6 /* Frameworks */,
				53DC0674246C6D7D009B45D6 /* Resources */,
			);
			buildRules = (
			);
			dependencies = (
				53DC0678246C6D7D009B45D6 /* PBXTargetDependency */,
			);
			name = MyFirstAppTests;
			productName = MyFirstAppTests;
			productReference = 53DC0676246C6D7D009B45D6 /* MyFirstAppTests.xctest */;
			productType = "com.apple.product-type.bundle.unit-test";
		};
		53DC0680246C6D7D009B45D6 /* MyFirstAppUITests */ = {
			isa = PBXNativeTarget;
			buildConfigurationList = 53DC0690246C6D7D009B45D6 /* Build configuration list for PBXNativeTarget "MyFirstAppUITests" */;
			buildPhases = (
				53DC067D246C6D7D009B45D6 /* Sources */,
				53DC067E246C6D7D009B45D6 /* Frameworks */,
				53DC067F246C6D7D009B45D6 /* Resources */,
			);
			buildRules = (
			);
			dependencies = (
				53DC0683246C6D7D009B45D6 /* PBXTargetDependency */,
			);
			name = MyFirstAppUITests;
			productName = MyFirstAppUITests;
			productReference = 53DC0681246C6D7D009B45D6 /* MyFirstAppUITests.xctest */;
			productType = "com.apple.product-type.bundle.ui-testing";
		};
/* End PBXNativeTarget section */

/* Begin PBXProject section */
		53DC0658246C6D7B009B45D6 /* Project object */ = {
			isa = PBXProject;
			attributes = {
				LastSwiftUpdateCheck = 1140;
				LastUpgradeCheck = 1140;
				ORGANIZATIONNAME = ScottSpeedie;
				TargetAttributes = {
					53DC065F246C6D7B009B45D6 = {
						CreatedOnToolsVersion = 11.4.1;
					};
					53DC0675246C6D7D009B45D6 = {
						CreatedOnToolsVersion = 11.4.1;
						TestTargetID = 53DC065F246C6D7B009B45D6;
					};
					53DC0680246C6D7D009B45D6 = {
						CreatedOnToolsVersion = 11.4.1;
						TestTargetID = 53DC065F246C6D7B009B45D6;
					};
				};
			};
			buildConfigurationList = 53DC065B246C6D7B009B45D6 /* Build configuration list for PBXProject "MyFirstApp" */;
			compatibilityVersion = "Xcode 9.3";
			developmentRegion = en;
			hasScannedForEncodings = 0;
			knownRegions = (
				en,
				Base,
			);
			mainGroup = 53DC0657246C6D7B009B45D6;
			productRefGroup = 53DC0661246C6D7B009B45D6 /* Products */;
			projectDirPath = "";
			projectRoot = "";
			targets = (
				53DC065F246C6D7B009B45D6 /* MyFirstApp */,
				53DC0675246C6D7D009B45D6 /* MyFirstAppTests */,
				53DC0680246C6D7D009B45D6 /* MyFirstAppUITests */,
			);
		};
/* End PBXProject section */

/* Begin PBXResourcesBuildPhase section */
		53DC065E246C6D7B009B45D6 /* Resources */ = {
			isa = PBXResourcesBuildPhase;
			buildActionMask = 2147483647;
			files = (
				53DC0670246C6D7D009B45D6 /* LaunchScreen.storyboard in Resources */,
				53DC066D246C6D7D009B45D6 /* Preview Assets.xcassets in Resources */,
				53DC066A246C6D7D009B45D6 /* Assets.xcassets in Resources */,
			);
			runOnlyForDeploymentPostprocessing = 0;
		};
		53DC0674246C6D7D009B45D6 /* Resources */ = {
			isa = PBXResourcesBuildPhase;
			buildActionMask = 2147483647;
			files = (
			);
			runOnlyForDeploymentPostprocessing = 0;
		};
		53DC067F246C6D7D009B45D6 /* Resources */ = {
			isa = PBXResourcesBuildPhase;
			buildActionMask = 2147483647;
			files = (
			);
			runOnlyForDeploymentPostprocessing = 0;
		};
/* End PBXResourcesBuildPhase section */

/* Begin PBXSourcesBuildPhase section */
		53DC065C246C6D7B009B45D6 /* Sources */ = {
			isa = PBXSourcesBuildPhase;
			buildActionMask = 2147483647;
			files = (
				53DC06962472C079009B45D6 /* ReadingContent.swift in Sources */,
				53DC0664246C6D7B009B45D6 /* AppDelegate.swift in Sources */,
				53DC0666246C6D7B009B45D6 /* SceneDelegate.swift in Sources */,
				53DC0668246C6D7B009B45D6 /* ContentView.swift in Sources */,
			);
			runOnlyForDeploymentPostprocessing = 0;
		};
		53DC0672246C6D7D009B45D6 /* Sources */ = {
			isa = PBXSourcesBuildPhase;
			buildActionMask = 2147483647;
			files = (
				53DC067B246C6D7D009B45D6 /* MyFirstAppTests.swift in Sources */,
			);
			runOnlyForDeploymentPostprocessing = 0;
		};
		53DC067D246C6D7D009B45D6 /* Sources */ = {
			isa = PBXSourcesBuildPhase;
			buildActionMask = 2147483647;
			files = (
				53DC0686246C6D7D009B45D6 /* MyFirstAppUITests.swift in Sources */,
			);
			runOnlyForDeploymentPostprocessing = 0;
		};
/* End PBXSourcesBuildPhase section */

/* Begin PBXTargetDependency section */
		53DC0678246C6D7D009B45D6 /* PBXTargetDependency */ = {
			isa = PBXTargetDependency;
			target = 53DC065F246C6D7B009B45D6 /* MyFirstApp */;
			targetProxy = 53DC0677246C6D7D009B45D6 /* PBXContainerItemProxy */;
		};
		53DC0683246C6D7D009B45D6 /* PBXTargetDependency */ = {
			isa = PBXTargetDependency;
			target = 53DC065F246C6D7B009B45D6 /* MyFirstApp */;
			targetProxy = 53DC0682246C6D7D009B45D6 /* PBXContainerItemProxy */;
		};
/* End PBXTargetDependency section */

/* Begin PBXVariantGroup section */
		53DC066E246C6D7D009B45D6 /* LaunchScreen.storyboard */ = {
			isa = PBXVariantGroup;
			children = (
				53DC066F246C6D7D009B45D6 /* Base */,
			);
			name = LaunchScreen.storyboard;
			sourceTree = "<group>";
		};
/* End PBXVariantGroup section */

/* Begin XCBuildConfiguration section */
		53DC0688246C6D7D009B45D6 /* Debug */ = {
			isa = XCBuildConfiguration;
			buildSettings = {
				ALWAYS_SEARCH_USER_PATHS = NO;
				CLANG_ANALYZER_NONNULL = YES;
				CLANG_ANALYZER_NUMBER_OBJECT_CONVERSION = YES_AGGRESSIVE;
				CLANG_CXX_LANGUAGE_STANDARD = "gnu++14";
				CLANG_CXX_LIBRARY = "libc++";
				CLANG_ENABLE_MODULES = YES;
				CLANG_ENABLE_OBJC_ARC = YES;
				CLANG_ENABLE_OBJC_WEAK = YES;
				CLANG_WARN_BLOCK_CAPTURE_AUTORELEASING = YES;
				CLANG_WARN_BOOL_CONVERSION = YES;
				CLANG_WARN_COMMA = YES;
				CLANG_WARN_CONSTANT_CONVERSION = YES;
				CLANG_WARN_DEPRECATED_OBJC_IMPLEMENTATIONS = YES;
				CLANG_WARN_DIRECT_OBJC_ISA_USAGE = YES_ERROR;
				CLANG_WARN_DOCUMENTATION_COMMENTS = YES;
				CLANG_WARN_EMPTY_BODY = YES;
				CLANG_WARN_ENUM_CONVERSION = YES;
				CLANG_WARN_INFINITE_RECURSION = YES;
				CLANG_WARN_INT_CONVERSION = YES;
				CLANG_WARN_NON_LITERAL_NULL_CONVERSION = YES;
				CLANG_WARN_OBJC_IMPLICIT_RETAIN_SELF = YES;
				CLANG_WARN_OBJC_LITERAL_CONVERSION = YES;
				CLANG_WARN_OBJC_ROOT_CLASS = YES_ERROR;
				CLANG_WARN_RANGE_LOOP_ANALYSIS = YES;
				CLANG_WARN_STRICT_PROTOTYPES = YES;
				CLANG_WARN_SUSPICIOUS_MOVE = YES;
				CLANG_WARN_UNGUARDED_AVAILABILITY = YES_AGGRESSIVE;
				CLANG_WARN_UNREACHABLE_CODE = YES;
				CLANG_WARN__DUPLICATE_METHOD_MATCH = YES;
				COPY_PHASE_STRIP = NO;
				DEBUG_INFORMATION_FORMAT = dwarf;
				ENABLE_STRICT_OBJC_MSGSEND = YES;
				ENABLE_TESTABILITY = YES;
				GCC_C_LANGUAGE_STANDARD = gnu11;
				GCC_DYNAMIC_NO_PIC = NO;
				GCC_NO_COMMON_BLOCKS = YES;
				GCC_OPTIMIZATION_LEVEL = 0;
				GCC_PREPROCESSOR_DEFINITIONS = (
					"DEBUG=1",
					"$(inherited)",
				);
				GCC_WARN_64_TO_32_BIT_CONVERSION = YES;
				GCC_WARN_ABOUT_RETURN_TYPE = YES_ERROR;
				GCC_WARN_UNDECLARED_SELECTOR = YES;
				GCC_WARN_UNINITIALIZED_AUTOS = YES_AGGRESSIVE;
				GCC_WARN_UNUSED_FUNCTION = YES;
				GCC_WARN_UNUSED_VARIABLE = YES;
				IPHONEOS_DEPLOYMENT_TARGET = 13.4;
				MTL_ENABLE_DEBUG_INFO = INCLUDE_SOURCE;
				MTL_FAST_MATH = YES;
				ONLY_ACTIVE_ARCH = YES;
				SDKROOT = iphoneos;
				SWIFT_ACTIVE_COMPILATION_CONDITIONS = DEBUG;
				SWIFT_OPTIMIZATION_LEVEL = "-Onone";
			};
			name = Debug;
		};
		53DC0689246C6D7D009B45D6 /* Release */ = {
			isa = XCBuildConfiguration;
			buildSettings = {
				ALWAYS_SEARCH_USER_PATHS = NO;
				CLANG_ANALYZER_NONNULL = YES;
				CLANG_ANALYZER_NUMBER_OBJECT_CONVERSION = YES_AGGRESSIVE;
				CLANG_CXX_LANGUAGE_STANDARD = "gnu++14";
				CLANG_CXX_LIBRARY = "libc++";
				CLANG_ENABLE_MODULES = YES;
				CLANG_ENABLE_OBJC_ARC = YES;
				CLANG_ENABLE_OBJC_WEAK = YES;
				CLANG_WARN_BLOCK_CAPTURE_AUTORELEASING = YES;
				CLANG_WARN_BOOL_CONVERSION = YES;
				CLANG_WARN_COMMA = YES;
				CLANG_WARN_CONSTANT_CONVERSION = YES;
				CLANG_WARN_DEPRECATED_OBJC_IMPLEMENTATIONS = YES;
				CLANG_WARN_DIRECT_OBJC_ISA_USAGE = YES_ERROR;
				CLANG_WARN_DOCUMENTATION_COMMENTS = YES;
				CLANG_WARN_EMPTY_BODY = YES;
				CLANG_WARN_ENUM_CONVERSION = YES;
				CLANG_WARN_INFINITE_RECURSION = YES;
				CLANG_WARN_INT_CONVERSION = YES;
				CLANG_WARN_NON_LITERAL_NULL_CONVERSION = YES;
				CLANG_WARN_OBJC_IMPLICIT_RETAIN_SELF = YES;
				CLANG_WARN_OBJC_LITERAL_CONVERSION = YES;
				CLANG_WARN_OBJC_ROOT_CLASS = YES_ERROR;
				CLANG_WARN_RANGE_LOOP_ANALYSIS = YES;
				CLANG_WARN_STRICT_PROTOTYPES = YES;
				CLANG_WARN_SUSPICIOUS_MOVE = YES;
				CLANG_WARN_UNGUARDED_AVAILABILITY = YES_AGGRESSIVE;
				CLANG_WARN_UNREACHABLE_CODE = YES;
				CLANG_WARN__DUPLICATE_METHOD_MATCH = YES;
				COPY_PHASE_STRIP = NO;
				DEBUG_INFORMATION_FORMAT = "dwarf-with-dsym";
				ENABLE_NS_ASSERTIONS = NO;
				ENABLE_STRICT_OBJC_MSGSEND = YES;
				GCC_C_LANGUAGE_STANDARD = gnu11;
				GCC_NO_COMMON_BLOCKS = YES;
				GCC_WARN_64_TO_32_BIT_CONVERSION = YES;
				GCC_WARN_ABOUT_RETURN_TYPE = YES_ERROR;
				GCC_WARN_UNDECLARED_SELECTOR = YES;
				GCC_WARN_UNINITIALIZED_AUTOS = YES_AGGRESSIVE;
				GCC_WARN_UNUSED_FUNCTION = YES;
				GCC_WARN_UNUSED_VARIABLE = YES;
				IPHONEOS_DEPLOYMENT_TARGET = 13.4;
				MTL_ENABLE_DEBUG_INFO = NO;
				MTL_FAST_MATH = YES;
				SDKROOT = iphoneos;
				SWIFT_COMPILATION_MODE = wholemodule;
				SWIFT_OPTIMIZATION_LEVEL = "-O";
				VALIDATE_PRODUCT = YES;
			};
			name = Release;
		};
		53DC068B246C6D7D009B45D6 /* Debug */ = {
			isa = XCBuildConfiguration;
			buildSettings = {
				ASSETCATALOG_COMPILER_APPICON_NAME = AppIcon;
				CODE_SIGN_STYLE = Automatic;
				DEVELOPMENT_ASSET_PATHS = "\"MyFirstApp/Preview Content\"";
				DEVELOPMENT_TEAM = T3DJQ45GX4;
				ENABLE_PREVIEWS = YES;
				INFOPLIST_FILE = MyFirstApp/Info.plist;
				LD_RUNPATH_SEARCH_PATHS = (
					"$(inherited)",
					"@executable_path/Frameworks",
				);
				PRODUCT_BUNDLE_IDENTIFIER = spde.MyFirstApp;
				PRODUCT_NAME = "$(TARGET_NAME)";
				SWIFT_VERSION = 5.0;
				TARGETED_DEVICE_FAMILY = "1,2";
			};
			name = Debug;
		};
		53DC068C246C6D7D009B45D6 /* Release */ = {
			isa = XCBuildConfiguration;
			buildSettings = {
				ASSETCATALOG_COMPILER_APPICON_NAME = AppIcon;
				CODE_SIGN_STYLE = Automatic;
				DEVELOPMENT_ASSET_PATHS = "\"MyFirstApp/Preview Content\"";
				DEVELOPMENT_TEAM = T3DJQ45GX4;
				ENABLE_PREVIEWS = YES;
				INFOPLIST_FILE = MyFirstApp/Info.plist;
				LD_RUNPATH_SEARCH_PATHS = (
					"$(inherited)",
					"@executable_path/Frameworks",
				);
				PRODUCT_BUNDLE_IDENTIFIER = spde.MyFirstApp;
				PRODUCT_NAME = "$(TARGET_NAME)";
				SWIFT_VERSION = 5.0;
				TARGETED_DEVICE_FAMILY = "1,2";
			};
			name = Release;
		};
		53DC068E246C6D7D009B45D6 /* Debug */ = {
			isa = XCBuildConfiguration;
			buildSettings = {
				ALWAYS_EMBED_SWIFT_STANDARD_LIBRARIES = YES;
				BUNDLE_LOADER = "$(TEST_HOST)";
				CODE_SIGN_STYLE = Automatic;
				DEVELOPMENT_TEAM = T3DJQ45GX4;
				INFOPLIST_FILE = MyFirstAppTests/Info.plist;
				IPHONEOS_DEPLOYMENT_TARGET = 13.4;
				LD_RUNPATH_SEARCH_PATHS = (
					"$(inherited)",
					"@executable_path/Frameworks",
					"@loader_path/Frameworks",
				);
				PRODUCT_BUNDLE_IDENTIFIER = spde.MyFirstAppTests;
				PRODUCT_NAME = "$(TARGET_NAME)";
				SWIFT_VERSION = 5.0;
				TARGETED_DEVICE_FAMILY = "1,2";
				TEST_HOST = "$(BUILT_PRODUCTS_DIR)/MyFirstApp.app/MyFirstApp";
			};
			name = Debug;
		};
		53DC068F246C6D7D009B45D6 /* Release */ = {
			isa = XCBuildConfiguration;
			buildSettings = {
				ALWAYS_EMBED_SWIFT_STANDARD_LIBRARIES = YES;
				BUNDLE_LOADER = "$(TEST_HOST)";
				CODE_SIGN_STYLE = Automatic;
				DEVELOPMENT_TEAM = T3DJQ45GX4;
				INFOPLIST_FILE = MyFirstAppTests/Info.plist;
				IPHONEOS_DEPLOYMENT_TARGET = 13.4;
				LD_RUNPATH_SEARCH_PATHS = (
					"$(inherited)",
					"@executable_path/Frameworks",
					"@loader_path/Frameworks",
				);
				PRODUCT_BUNDLE_IDENTIFIER = spde.MyFirstAppTests;
				PRODUCT_NAME = "$(TARGET_NAME)";
				SWIFT_VERSION = 5.0;
				TARGETED_DEVICE_FAMILY = "1,2";
				TEST_HOST = "$(BUILT_PRODUCTS_DIR)/MyFirstApp.app/MyFirstApp";
			};
			name = Release;
		};
		53DC0691246C6D7D009B45D6 /* Debug */ = {
			isa = XCBuildConfiguration;
			buildSettings = {
				ALWAYS_EMBED_SWIFT_STANDARD_LIBRARIES = YES;
				CODE_SIGN_STYLE = Automatic;
				DEVELOPMENT_TEAM = T3DJQ45GX4;
				INFOPLIST_FILE = MyFirstAppUITests/Info.plist;
				LD_RUNPATH_SEARCH_PATHS = (
					"$(inherited)",
					"@executable_path/Frameworks",
					"@loader_path/Frameworks",
				);
				PRODUCT_BUNDLE_IDENTIFIER = spde.MyFirstAppUITests;
				PRODUCT_NAME = "$(TARGET_NAME)";
				SWIFT_VERSION = 5.0;
				TARGETED_DEVICE_FAMILY = "1,2";
				TEST_TARGET_NAME = MyFirstApp;
			};
			name = Debug;
		};
		53DC0692246C6D7D009B45D6 /* Release */ = {
			isa = XCBuildConfiguration;
			buildSettings = {
				ALWAYS_EMBED_SWIFT_STANDARD_LIBRARIES = YES;
				CODE_SIGN_STYLE = Automatic;
				DEVELOPMENT_TEAM = T3DJQ45GX4;
				INFOPLIST_FILE = MyFirstAppUITests/Info.plist;
				LD_RUNPATH_SEARCH_PATHS = (
					"$(inherited)",
					"@executable_path/Frameworks",
					"@loader_path/Frameworks",
				);
				PRODUCT_BUNDLE_IDENTIFIER = spde.MyFirstAppUITests;
				PRODUCT_NAME = "$(TARGET_NAME)";
				SWIFT_VERSION = 5.0;
				TARGETED_DEVICE_FAMILY = "1,2";
				TEST_TARGET_NAME = MyFirstApp;
			};
			name = Release;
		};
/* End XCBuildConfiguration section */

/* Begin XCConfigurationList section */
		53DC065B246C6D7B009B45D6 /* Build configuration list for PBXProject "MyFirstApp" */ = {
			isa = XCConfigurationList;
			buildConfigurations = (
				53DC0688246C6D7D009B45D6 /* Debug */,
				53DC0689246C6D7D009B45D6 /* Release */,
			);
			defaultConfigurationIsVisible = 0;
			defaultConfigurationName = Release;
		};
		53DC068A246C6D7D009B45D6 /* Build configuration list for PBXNativeTarget "MyFirstApp" */ = {
			isa = XCConfigurationList;
			buildConfigurations = (
				53DC068B246C6D7D009B45D6 /* Debug */,
				53DC068C246C6D7D009B45D6 /* Release */,
			);
			defaultConfigurationIsVisible = 0;
			defaultConfigurationName = Release;
		};
		53DC068D246C6D7D009B45D6 /* Build configuration list for PBXNativeTarget "MyFirstAppTests" */ = {
			isa = XCConfigurationList;
			buildConfigurations = (
				53DC068E246C6D7D009B45D6 /* Debug */,
				53DC068F246C6D7D009B45D6 /* Release */,
			);
			defaultConfigurationIsVisible = 0;
			defaultConfigurationName = Release;
		};
		53DC0690246C6D7D009B45D6 /* Build configuration list for PBXNativeTarget "MyFirstAppUITests" */ = {
			isa = XCConfigurationList;
			buildConfigurations = (
				53DC0691246C6D7D009B45D6 /* Debug */,
				53DC0692246C6D7D009B45D6 /* Release */,
			);
			defaultConfigurationIsVisible = 0;
			defaultConfigurationName = Release;
		};
/* End XCConfigurationList section */
	};
	rootObject = 53DC0658246C6D7B009B45D6 /* Project object */;
}
