// !$*UTF8*$!
{
	archiveVersion = 1;
	classes = {
	};
	objectVersion = 50;
	objects = {

/* Begin PBXBuildFile section */
		53E014052487F29D00480447 /* AppDelegate.swift in Sources */ = {isa = PBXBuildFile; fileRef = 53E014042487F29D00480447 /* AppDelegate.swift */; };
		53E014072487F29D00480447 /* SceneDelegate.swift in Sources */ = {isa = PBXBuildFile; fileRef = 53E014062487F29D00480447 /* SceneDelegate.swift */; };
		53E014092487F29D00480447 /* ContentView.swift in Sources */ = {isa = PBXBuildFile; fileRef = 53E014082487F29D00480447 /* ContentView.swift */; };
		53E0140B2487F29F00480447 /* Assets.xcassets in Resources */ = {isa = PBXBuildFile; fileRef = 53E0140A2487F29F00480447 /* Assets.xcassets */; };
		53E0140E2487F29F00480447 /* Preview Assets.xcassets in Resources */ = {isa = PBXBuildFile; fileRef = 53E0140D2487F29F00480447 /* Preview Assets.xcassets */; };
		53E014112487F29F00480447 /* LaunchScreen.storyboard in Resources */ = {isa = PBXBuildFile; fileRef = 53E0140F2487F29F00480447 /* LaunchScreen.storyboard */; };
		53E0141C2487F2A000480447 /* StarWarsPlanetsTests.swift in Sources */ = {isa = PBXBuildFile; fileRef = 53E0141B2487F2A000480447 /* StarWarsPlanetsTests.swift */; };
		53E014272487F2A000480447 /* StarWarsPlanetsUITests.swift in Sources */ = {isa = PBXBuildFile; fileRef = 53E014262487F2A000480447 /* StarWarsPlanetsUITests.swift */; };
		53E014352487F2D800480447 /* Planets.swift in Sources */ = {isa = PBXBuildFile; fileRef = 53E014342487F2D800480447 /* Planets.swift */; };
/* End PBXBuildFile section */

/* Begin PBXContainerItemProxy section */
		53E014182487F2A000480447 /* PBXContainerItemProxy */ = {
			isa = PBXContainerItemProxy;
			containerPortal = 53E013F92487F29D00480447 /* Project object */;
			proxyType = 1;
			remoteGlobalIDString = 53E014002487F29D00480447;
			remoteInfo = StarWarsPlanets;
		};
		53E014232487F2A000480447 /* PBXContainerItemProxy */ = {
			isa = PBXContainerItemProxy;
			containerPortal = 53E013F92487F29D00480447 /* Project object */;
			proxyType = 1;
			remoteGlobalIDString = 53E014002487F29D00480447;
			remoteInfo = StarWarsPlanets;
		};
/* End PBXContainerItemProxy section */

/* Begin PBXFileReference section */
		53E014012487F29D00480447 /* StarWarsPlanets.app */ = {isa = PBXFileReference; explicitFileType = wrapper.application; includeInIndex = 0; path = StarWarsPlanets.app; sourceTree = BUILT_PRODUCTS_DIR; };
		53E014042487F29D00480447 /* AppDelegate.swift */ = {isa = PBXFileReference; lastKnownFileType = sourcecode.swift; path = AppDelegate.swift; sourceTree = "<group>"; };
		53E014062487F29D00480447 /* SceneDelegate.swift */ = {isa = PBXFileReference; lastKnownFileType = sourcecode.swift; path = SceneDelegate.swift; sourceTree = "<group>"; };
		53E014082487F29D00480447 /* ContentView.swift */ = {isa = PBXFileReference; lastKnownFileType = sourcecode.swift; path = ContentView.swift; sourceTree = "<group>"; };
		53E0140A2487F29F00480447 /* Assets.xcassets */ = {isa = PBXFileReference; lastKnownFileType = folder.assetcatalog; path = Assets.xcassets; sourceTree = "<group>"; };
		53E0140D2487F29F00480447 /* Preview Assets.xcassets */ = {isa = PBXFileReference; lastKnownFileType = folder.assetcatalog; path = "Preview Assets.xcassets"; sourceTree = "<group>"; };
		53E014102487F29F00480447 /* Base */ = {isa = PBXFileReference; lastKnownFileType = file.storyboard; name = Base; path = Base.lproj/LaunchScreen.storyboard; sourceTree = "<group>"; };
		53E014122487F29F00480447 /* Info.plist */ = {isa = PBXFileReference; lastKnownFileType = text.plist.xml; path = Info.plist; sourceTree = "<group>"; };
		53E014172487F2A000480447 /* StarWarsPlanetsTests.xctest */ = {isa = PBXFileReference; explicitFileType = wrapper.cfbundle; includeInIndex = 0; path = StarWarsPlanetsTests.xctest; sourceTree = BUILT_PRODUCTS_DIR; };
		53E0141B2487F2A000480447 /* StarWarsPlanetsTests.swift */ = {isa = PBXFileReference; lastKnownFileType = sourcecode.swift; path = StarWarsPlanetsTests.swift; sourceTree = "<group>"; };
		53E0141D2487F2A000480447 /* Info.plist */ = {isa = PBXFileReference; lastKnownFileType = text.plist.xml; path = Info.plist; sourceTree = "<group>"; };
		53E014222487F2A000480447 /* StarWarsPlanetsUITests.xctest */ = {isa = PBXFileReference; explicitFileType = wrapper.cfbundle; includeInIndex = 0; path = StarWarsPlanetsUITests.xctest; sourceTree = BUILT_PRODUCTS_DIR; };
		53E014262487F2A000480447 /* StarWarsPlanetsUITests.swift */ = {isa = PBXFileReference; lastKnownFileType = sourcecode.swift; path = StarWarsPlanetsUITests.swift; sourceTree = "<group>"; };
		53E014282487F2A000480447 /* Info.plist */ = {isa = PBXFileReference; lastKnownFileType = text.plist.xml; path = Info.plist; sourceTree = "<group>"; };
		53E014342487F2D800480447 /* Planets.swift */ = {isa = PBXFileReference; lastKnownFileType = sourcecode.swift; path = Planets.swift; sourceTree = "<group>"; };
/* End PBXFileReference section */

/* Begin PBXFrameworksBuildPhase section */
		53E013FE2487F29D00480447 /* Frameworks */ = {
			isa = PBXFrameworksBuildPhase;
			buildActionMask = 2147483647;
			files = (
			);
			runOnlyForDeploymentPostprocessing = 0;
		};
		53E014142487F2A000480447 /* Frameworks */ = {
			isa = PBXFrameworksBuildPhase;
			buildActionMask = 2147483647;
			files = (
			);
			runOnlyForDeploymentPostprocessing = 0;
		};
		53E0141F2487F2A000480447 /* Frameworks */ = {
			isa = PBXFrameworksBuildPhase;
			buildActionMask = 2147483647;
			files = (
			);
			runOnlyForDeploymentPostprocessing = 0;
		};
/* End PBXFrameworksBuildPhase section */

/* Begin PBXGroup section */
		53E013F82487F29D00480447 = {
			isa = PBXGroup;
			children = (
				53E014032487F29D00480447 /* StarWarsPlanets */,
				53E0141A2487F2A000480447 /* StarWarsPlanetsTests */,
				53E014252487F2A000480447 /* StarWarsPlanetsUITests */,
				53E014022487F29D00480447 /* Products */,
			);
			sourceTree = "<group>";
		};
		53E014022487F29D00480447 /* Products */ = {
			isa = PBXGroup;
			children = (
				53E014012487F29D00480447 /* StarWarsPlanets.app */,
				53E014172487F2A000480447 /* StarWarsPlanetsTests.xctest */,
				53E014222487F2A000480447 /* StarWarsPlanetsUITests.xctest */,
			);
			name = Products;
			sourceTree = "<group>";
		};
		53E014032487F29D00480447 /* StarWarsPlanets */ = {
			isa = PBXGroup;
			children = (
				53E014042487F29D00480447 /* AppDelegate.swift */,
				53E014342487F2D800480447 /* Planets.swift */,
				53E014062487F29D00480447 /* SceneDelegate.swift */,
				53E014082487F29D00480447 /* ContentView.swift */,
				53E0140A2487F29F00480447 /* Assets.xcassets */,
				53E0140F2487F29F00480447 /* LaunchScreen.storyboard */,
				53E014122487F29F00480447 /* Info.plist */,
				53E0140C2487F29F00480447 /* Preview Content */,
			);
			path = StarWarsPlanets;
			sourceTree = "<group>";
		};
		53E0140C2487F29F00480447 /* Preview Content */ = {
			isa = PBXGroup;
			children = (
				53E0140D2487F29F00480447 /* Preview Assets.xcassets */,
			);
			path = "Preview Content";
			sourceTree = "<group>";
		};
		53E0141A2487F2A000480447 /* StarWarsPlanetsTests */ = {
			isa = PBXGroup;
			children = (
				53E0141B2487F2A000480447 /* StarWarsPlanetsTests.swift */,
				53E0141D2487F2A000480447 /* Info.plist */,
			);
			path = StarWarsPlanetsTests;
			sourceTree = "<group>";
		};
		53E014252487F2A000480447 /* StarWarsPlanetsUITests */ = {
			isa = PBXGroup;
			children = (
				53E014262487F2A000480447 /* StarWarsPlanetsUITests.swift */,
				53E014282487F2A000480447 /* Info.plist */,
			);
			path = StarWarsPlanetsUITests;
			sourceTree = "<group>";
		};
/* End PBXGroup section */

/* Begin PBXNativeTarget section */
		53E014002487F29D00480447 /* StarWarsPlanets */ = {
			isa = PBXNativeTarget;
			buildConfigurationList = 53E0142B2487F2A000480447 /* Build configuration list for PBXNativeTarget "StarWarsPlanets" */;
			buildPhases = (
				53E013FD2487F29D00480447 /* Sources */,
				53E013FE2487F29D00480447 /* Frameworks */,
				53E013FF2487F29D00480447 /* Resources */,
			);
			buildRules = (
			);
			dependencies = (
			);
			name = StarWarsPlanets;
			productName = StarWarsPlanets;
			productReference = 53E014012487F29D00480447 /* StarWarsPlanets.app */;
			productType = "com.apple.product-type.application";
		};
		53E014162487F2A000480447 /* StarWarsPlanetsTests */ = {
			isa = PBXNativeTarget;
			buildConfigurationList = 53E0142E2487F2A000480447 /* Build configuration list for PBXNativeTarget "StarWarsPlanetsTests" */;
			buildPhases = (
				53E014132487F2A000480447 /* Sources */,
				53E014142487F2A000480447 /* Frameworks */,
				53E014152487F2A000480447 /* Resources */,
			);
			buildRules = (
			);
			dependencies = (
				53E014192487F2A000480447 /* PBXTargetDependency */,
			);
			name = StarWarsPlanetsTests;
			productName = StarWarsPlanetsTests;
			productReference = 53E014172487F2A000480447 /* StarWarsPlanetsTests.xctest */;
			productType = "com.apple.product-type.bundle.unit-test";
		};
		53E014212487F2A000480447 /* StarWarsPlanetsUITests */ = {
			isa = PBXNativeTarget;
			buildConfigurationList = 53E014312487F2A000480447 /* Build configuration list for PBXNativeTarget "StarWarsPlanetsUITests" */;
			buildPhases = (
				53E0141E2487F2A000480447 /* Sources */,
				53E0141F2487F2A000480447 /* Frameworks */,
				53E014202487F2A000480447 /* Resources */,
			);
			buildRules = (
			);
			dependencies = (
				53E014242487F2A000480447 /* PBXTargetDependency */,
			);
			name = StarWarsPlanetsUITests;
			productName = StarWarsPlanetsUITests;
			productReference = 53E014222487F2A000480447 /* StarWarsPlanetsUITests.xctest */;
			productType = "com.apple.product-type.bundle.ui-testing";
		};
/* End PBXNativeTarget section */

/* Begin PBXProject section */
		53E013F92487F29D00480447 /* Project object */ = {
			isa = PBXProject;
			attributes = {
				LastSwiftUpdateCheck = 1140;
				LastUpgradeCheck = 1140;
				ORGANIZATIONNAME = ScottSpeedie;
				TargetAttributes = {
					53E014002487F29D00480447 = {
						CreatedOnToolsVersion = 11.4.1;
					};
					53E014162487F2A000480447 = {
						CreatedOnToolsVersion = 11.4.1;
						TestTargetID = 53E014002487F29D00480447;
					};
					53E014212487F2A000480447 = {
						CreatedOnToolsVersion = 11.4.1;
						TestTargetID = 53E014002487F29D00480447;
					};
				};
			};
			buildConfigurationList = 53E013FC2487F29D00480447 /* Build configuration list for PBXProject "StarWarsPlanets" */;
			compatibilityVersion = "Xcode 9.3";
			developmentRegion = en;
			hasScannedForEncodings = 0;
			knownRegions = (
				en,
				Base,
			);
			mainGroup = 53E013F82487F29D00480447;
			productRefGroup = 53E014022487F29D00480447 /* Products */;
			projectDirPath = "";
			projectRoot = "";
			targets = (
				53E014002487F29D00480447 /* StarWarsPlanets */,
				53E014162487F2A000480447 /* StarWarsPlanetsTests */,
				53E014212487F2A000480447 /* StarWarsPlanetsUITests */,
			);
		};
/* End PBXProject section */

/* Begin PBXResourcesBuildPhase section */
		53E013FF2487F29D00480447 /* Resources */ = {
			isa = PBXResourcesBuildPhase;
			buildActionMask = 2147483647;
			files = (
				53E014112487F29F00480447 /* LaunchScreen.storyboard in Resources */,
				53E0140E2487F29F00480447 /* Preview Assets.xcassets in Resources */,
				53E0140B2487F29F00480447 /* Assets.xcassets in Resources */,
			);
			runOnlyForDeploymentPostprocessing = 0;
		};
		53E014152487F2A000480447 /* Resources */ = {
			isa = PBXResourcesBuildPhase;
			buildActionMask = 2147483647;
			files = (
			);
			runOnlyForDeploymentPostprocessing = 0;
		};
		53E014202487F2A000480447 /* Resources */ = {
			isa = PBXResourcesBuildPhase;
			buildActionMask = 2147483647;
			files = (
			);
			runOnlyForDeploymentPostprocessing = 0;
		};
/* End PBXResourcesBuildPhase section */

/* Begin PBXSourcesBuildPhase section */
		53E013FD2487F29D00480447 /* Sources */ = {
			isa = PBXSourcesBuildPhase;
			buildActionMask = 2147483647;
			files = (
				53E014052487F29D00480447 /* AppDelegate.swift in Sources */,
				53E014072487F29D00480447 /* SceneDelegate.swift in Sources */,
				53E014092487F29D00480447 /* ContentView.swift in Sources */,
				53E014352487F2D800480447 /* Planets.swift in Sources */,
			);
			runOnlyForDeploymentPostprocessing = 0;
		};
		53E014132487F2A000480447 /* Sources */ = {
			isa = PBXSourcesBuildPhase;
			buildActionMask = 2147483647;
			files = (
				53E0141C2487F2A000480447 /* StarWarsPlanetsTests.swift in Sources */,
			);
			runOnlyForDeploymentPostprocessing = 0;
		};
		53E0141E2487F2A000480447 /* Sources */ = {
			isa = PBXSourcesBuildPhase;
			buildActionMask = 2147483647;
			files = (
				53E014272487F2A000480447 /* StarWarsPlanetsUITests.swift in Sources */,
			);
			runOnlyForDeploymentPostprocessing = 0;
		};
/* End PBXSourcesBuildPhase section */

/* Begin PBXTargetDependency section */
		53E014192487F2A000480447 /* PBXTargetDependency */ = {
			isa = PBXTargetDependency;
			target = 53E014002487F29D00480447 /* StarWarsPlanets */;
			targetProxy = 53E014182487F2A000480447 /* PBXContainerItemProxy */;
		};
		53E014242487F2A000480447 /* PBXTargetDependency */ = {
			isa = PBXTargetDependency;
			target = 53E014002487F29D00480447 /* StarWarsPlanets */;
			targetProxy = 53E014232487F2A000480447 /* PBXContainerItemProxy */;
		};
/* End PBXTargetDependency section */

/* Begin PBXVariantGroup section */
		53E0140F2487F29F00480447 /* LaunchScreen.storyboard */ = {
			isa = PBXVariantGroup;
			children = (
				53E014102487F29F00480447 /* Base */,
			);
			name = LaunchScreen.storyboard;
			sourceTree = "<group>";
		};
/* End PBXVariantGroup section */

/* Begin XCBuildConfiguration section */
		53E014292487F2A000480447 /* Debug */ = {
			isa = XCBuildConfiguration;
			buildSettings = {
				ALWAYS_SEARCH_USER_PATHS = NO;
				CLANG_ANALYZER_NONNULL = YES;
				CLANG_ANALYZER_NUMBER_OBJECT_CONVERSION = YES_AGGRESSIVE;
				CLANG_CXX_LANGUAGE_STANDARD = "gnu++14";
				CLANG_CXX_LIBRARY = "libc++";
				CLANG_ENABLE_MODULES = YES;
				CLANG_ENABLE_OBJC_ARC = YES;
				CLANG_ENABLE_OBJC_WEAK = YES;
				CLANG_WARN_BLOCK_CAPTURE_AUTORELEASING = YES;
				CLANG_WARN_BOOL_CONVERSION = YES;
				CLANG_WARN_COMMA = YES;
				CLANG_WARN_CONSTANT_CONVERSION = YES;
				CLANG_WARN_DEPRECATED_OBJC_IMPLEMENTATIONS = YES;
				CLANG_WARN_DIRECT_OBJC_ISA_USAGE = YES_ERROR;
				CLANG_WARN_DOCUMENTATION_COMMENTS = YES;
				CLANG_WARN_EMPTY_BODY = YES;
				CLANG_WARN_ENUM_CONVERSION = YES;
				CLANG_WARN_INFINITE_RECURSION = YES;
				CLANG_WARN_INT_CONVERSION = YES;
				CLANG_WARN_NON_LITERAL_NULL_CONVERSION = YES;
				CLANG_WARN_OBJC_IMPLICIT_RETAIN_SELF = YES;
				CLANG_WARN_OBJC_LITERAL_CONVERSION = YES;
				CLANG_WARN_OBJC_ROOT_CLASS = YES_ERROR;
				CLANG_WARN_RANGE_LOOP_ANALYSIS = YES;
				CLANG_WARN_STRICT_PROTOTYPES = YES;
				CLANG_WARN_SUSPICIOUS_MOVE = YES;
				CLANG_WARN_UNGUARDED_AVAILABILITY = YES_AGGRESSIVE;
				CLANG_WARN_UNREACHABLE_CODE = YES;
				CLANG_WARN__DUPLICATE_METHOD_MATCH = YES;
				COPY_PHASE_STRIP = NO;
				DEBUG_INFORMATION_FORMAT = dwarf;
				ENABLE_STRICT_OBJC_MSGSEND = YES;
				ENABLE_TESTABILITY = YES;
				GCC_C_LANGUAGE_STANDARD = gnu11;
				GCC_DYNAMIC_NO_PIC = NO;
				GCC_NO_COMMON_BLOCKS = YES;
				GCC_OPTIMIZATION_LEVEL = 0;
				GCC_PREPROCESSOR_DEFINITIONS = (
					"DEBUG=1",
					"$(inherited)",
				);
				GCC_WARN_64_TO_32_BIT_CONVERSION = YES;
				GCC_WARN_ABOUT_RETURN_TYPE = YES_ERROR;
				GCC_WARN_UNDECLARED_SELECTOR = YES;
				GCC_WARN_UNINITIALIZED_AUTOS = YES_AGGRESSIVE;
				GCC_WARN_UNUSED_FUNCTION = YES;
				GCC_WARN_UNUSED_VARIABLE = YES;
				IPHONEOS_DEPLOYMENT_TARGET = 13.4;
				MTL_ENABLE_DEBUG_INFO = INCLUDE_SOURCE;
				MTL_FAST_MATH = YES;
				ONLY_ACTIVE_ARCH = YES;
				SDKROOT = iphoneos;
				SWIFT_ACTIVE_COMPILATION_CONDITIONS = DEBUG;
				SWIFT_OPTIMIZATION_LEVEL = "-Onone";
			};
			name = Debug;
		};
		53E0142A2487F2A000480447 /* Release */ = {
			isa = XCBuildConfiguration;
			buildSettings = {
				ALWAYS_SEARCH_USER_PATHS = NO;
				CLANG_ANALYZER_NONNULL = YES;
				CLANG_ANALYZER_NUMBER_OBJECT_CONVERSION = YES_AGGRESSIVE;
				CLANG_CXX_LANGUAGE_STANDARD = "gnu++14";
				CLANG_CXX_LIBRARY = "libc++";
				CLANG_ENABLE_MODULES = YES;
				CLANG_ENABLE_OBJC_ARC = YES;
				CLANG_ENABLE_OBJC_WEAK = YES;
				CLANG_WARN_BLOCK_CAPTURE_AUTORELEASING = YES;
				CLANG_WARN_BOOL_CONVERSION = YES;
				CLANG_WARN_COMMA = YES;
				CLANG_WARN_CONSTANT_CONVERSION = YES;
				CLANG_WARN_DEPRECATED_OBJC_IMPLEMENTATIONS = YES;
				CLANG_WARN_DIRECT_OBJC_ISA_USAGE = YES_ERROR;
				CLANG_WARN_DOCUMENTATION_COMMENTS = YES;
				CLANG_WARN_EMPTY_BODY = YES;
				CLANG_WARN_ENUM_CONVERSION = YES;
				CLANG_WARN_INFINITE_RECURSION = YES;
				CLANG_WARN_INT_CONVERSION = YES;
				CLANG_WARN_NON_LITERAL_NULL_CONVERSION = YES;
				CLANG_WARN_OBJC_IMPLICIT_RETAIN_SELF = YES;
				CLANG_WARN_OBJC_LITERAL_CONVERSION = YES;
				CLANG_WARN_OBJC_ROOT_CLASS = YES_ERROR;
				CLANG_WARN_RANGE_LOOP_ANALYSIS = YES;
				CLANG_WARN_STRICT_PROTOTYPES = YES;
				CLANG_WARN_SUSPICIOUS_MOVE = YES;
				CLANG_WARN_UNGUARDED_AVAILABILITY = YES_AGGRESSIVE;
				CLANG_WARN_UNREACHABLE_CODE = YES;
				CLANG_WARN__DUPLICATE_METHOD_MATCH = YES;
				COPY_PHASE_STRIP = NO;
				DEBUG_INFORMATION_FORMAT = "dwarf-with-dsym";
				ENABLE_NS_ASSERTIONS = NO;
				ENABLE_STRICT_OBJC_MSGSEND = YES;
				GCC_C_LANGUAGE_STANDARD = gnu11;
				GCC_NO_COMMON_BLOCKS = YES;
				GCC_WARN_64_TO_32_BIT_CONVERSION = YES;
				GCC_WARN_ABOUT_RETURN_TYPE = YES_ERROR;
				GCC_WARN_UNDECLARED_SELECTOR = YES;
				GCC_WARN_UNINITIALIZED_AUTOS = YES_AGGRESSIVE;
				GCC_WARN_UNUSED_FUNCTION = YES;
				GCC_WARN_UNUSED_VARIABLE = YES;
				IPHONEOS_DEPLOYMENT_TARGET = 13.4;
				MTL_ENABLE_DEBUG_INFO = NO;
				MTL_FAST_MATH = YES;
				SDKROOT = iphoneos;
				SWIFT_COMPILATION_MODE = wholemodule;
				SWIFT_OPTIMIZATION_LEVEL = "-O";
				VALIDATE_PRODUCT = YES;
			};
			name = Release;
		};
		53E0142C2487F2A000480447 /* Debug */ = {
			isa = XCBuildConfiguration;
			buildSettings = {
				ASSETCATALOG_COMPILER_APPICON_NAME = AppIcon;
				CODE_SIGN_STYLE = Automatic;
				DEVELOPMENT_ASSET_PATHS = "\"StarWarsPlanets/Preview Content\"";
				DEVELOPMENT_TEAM = T3DJQ45GX4;
				ENABLE_PREVIEWS = YES;
				INFOPLIST_FILE = StarWarsPlanets/Info.plist;
				LD_RUNPATH_SEARCH_PATHS = (
					"$(inherited)",
					"@executable_path/Frameworks",
				);
				PRODUCT_BUNDLE_IDENTIFIER = spde.StarWarsPlanets;
				PRODUCT_NAME = "$(TARGET_NAME)";
				SWIFT_VERSION = 5.0;
				TARGETED_DEVICE_FAMILY = "1,2";
			};
			name = Debug;
		};
		53E0142D2487F2A000480447 /* Release */ = {
			isa = XCBuildConfiguration;
			buildSettings = {
				ASSETCATALOG_COMPILER_APPICON_NAME = AppIcon;
				CODE_SIGN_STYLE = Automatic;
				DEVELOPMENT_ASSET_PATHS = "\"StarWarsPlanets/Preview Content\"";
				DEVELOPMENT_TEAM = T3DJQ45GX4;
				ENABLE_PREVIEWS = YES;
				INFOPLIST_FILE = StarWarsPlanets/Info.plist;
				LD_RUNPATH_SEARCH_PATHS = (
					"$(inherited)",
					"@executable_path/Frameworks",
				);
				PRODUCT_BUNDLE_IDENTIFIER = spde.StarWarsPlanets;
				PRODUCT_NAME = "$(TARGET_NAME)";
				SWIFT_VERSION = 5.0;
				TARGETED_DEVICE_FAMILY = "1,2";
			};
			name = Release;
		};
		53E0142F2487F2A000480447 /* Debug */ = {
			isa = XCBuildConfiguration;
			buildSettings = {
				ALWAYS_EMBED_SWIFT_STANDARD_LIBRARIES = YES;
				BUNDLE_LOADER = "$(TEST_HOST)";
				CODE_SIGN_STYLE = Automatic;
				DEVELOPMENT_TEAM = T3DJQ45GX4;
				INFOPLIST_FILE = StarWarsPlanetsTests/Info.plist;
				IPHONEOS_DEPLOYMENT_TARGET = 13.4;
				LD_RUNPATH_SEARCH_PATHS = (
					"$(inherited)",
					"@executable_path/Frameworks",
					"@loader_path/Frameworks",
				);
				PRODUCT_BUNDLE_IDENTIFIER = spde.StarWarsPlanetsTests;
				PRODUCT_NAME = "$(TARGET_NAME)";
				SWIFT_VERSION = 5.0;
				TARGETED_DEVICE_FAMILY = "1,2";
				TEST_HOST = "$(BUILT_PRODUCTS_DIR)/StarWarsPlanets.app/StarWarsPlanets";
			};
			name = Debug;
		};
		53E014302487F2A000480447 /* Release */ = {
			isa = XCBuildConfiguration;
			buildSettings = {
				ALWAYS_EMBED_SWIFT_STANDARD_LIBRARIES = YES;
				BUNDLE_LOADER = "$(TEST_HOST)";
				CODE_SIGN_STYLE = Automatic;
				DEVELOPMENT_TEAM = T3DJQ45GX4;
				INFOPLIST_FILE = StarWarsPlanetsTests/Info.plist;
				IPHONEOS_DEPLOYMENT_TARGET = 13.4;
				LD_RUNPATH_SEARCH_PATHS = (
					"$(inherited)",
					"@executable_path/Frameworks",
					"@loader_path/Frameworks",
				);
				PRODUCT_BUNDLE_IDENTIFIER = spde.StarWarsPlanetsTests;
				PRODUCT_NAME = "$(TARGET_NAME)";
				SWIFT_VERSION = 5.0;
				TARGETED_DEVICE_FAMILY = "1,2";
				TEST_HOST = "$(BUILT_PRODUCTS_DIR)/StarWarsPlanets.app/StarWarsPlanets";
			};
			name = Release;
		};
		53E014322487F2A000480447 /* Debug */ = {
			isa = XCBuildConfiguration;
			buildSettings = {
				ALWAYS_EMBED_SWIFT_STANDARD_LIBRARIES = YES;
				CODE_SIGN_STYLE = Automatic;
				DEVELOPMENT_TEAM = T3DJQ45GX4;
				INFOPLIST_FILE = StarWarsPlanetsUITests/Info.plist;
				LD_RUNPATH_SEARCH_PATHS = (
					"$(inherited)",
					"@executable_path/Frameworks",
					"@loader_path/Frameworks",
				);
				PRODUCT_BUNDLE_IDENTIFIER = spde.StarWarsPlanetsUITests;
				PRODUCT_NAME = "$(TARGET_NAME)";
				SWIFT_VERSION = 5.0;
				TARGETED_DEVICE_FAMILY = "1,2";
				TEST_TARGET_NAME = StarWarsPlanets;
			};
			name = Debug;
		};
		53E014332487F2A000480447 /* Release */ = {
			isa = XCBuildConfiguration;
			buildSettings = {
				ALWAYS_EMBED_SWIFT_STANDARD_LIBRARIES = YES;
				CODE_SIGN_STYLE = Automatic;
				DEVELOPMENT_TEAM = T3DJQ45GX4;
				INFOPLIST_FILE = StarWarsPlanetsUITests/Info.plist;
				LD_RUNPATH_SEARCH_PATHS = (
					"$(inherited)",
					"@executable_path/Frameworks",
					"@loader_path/Frameworks",
				);
				PRODUCT_BUNDLE_IDENTIFIER = spde.StarWarsPlanetsUITests;
				PRODUCT_NAME = "$(TARGET_NAME)";
				SWIFT_VERSION = 5.0;
				TARGETED_DEVICE_FAMILY = "1,2";
				TEST_TARGET_NAME = StarWarsPlanets;
			};
			name = Release;
		};
/* End XCBuildConfiguration section */

/* Begin XCConfigurationList section */
		53E013FC2487F29D00480447 /* Build configuration list for PBXProject "StarWarsPlanets" */ = {
			isa = XCConfigurationList;
			buildConfigurations = (
				53E014292487F2A000480447 /* Debug */,
				53E0142A2487F2A000480447 /* Release */,
			);
			defaultConfigurationIsVisible = 0;
			defaultConfigurationName = Release;
		};
		53E0142B2487F2A000480447 /* Build configuration list for PBXNativeTarget "StarWarsPlanets" */ = {
			isa = XCConfigurationList;
			buildConfigurations = (
				53E0142C2487F2A000480447 /* Debug */,
				53E0142D2487F2A000480447 /* Release */,
			);
			defaultConfigurationIsVisible = 0;
			defaultConfigurationName = Release;
		};
		53E0142E2487F2A000480447 /* Build configuration list for PBXNativeTarget "StarWarsPlanetsTests" */ = {
			isa = XCConfigurationList;
			buildConfigurations = (
				53E0142F2487F2A000480447 /* Debug */,
				53E014302487F2A000480447 /* Release */,
			);
			defaultConfigurationIsVisible = 0;
			defaultConfigurationName = Release;
		};
		53E014312487F2A000480447 /* Build configuration list for PBXNativeTarget "StarWarsPlanetsUITests" */ = {
			isa = XCConfigurationList;
			buildConfigurations = (
				53E014322487F2A000480447 /* Debug */,
				53E014332487F2A000480447 /* Release */,
			);
			defaultConfigurationIsVisible = 0;
			defaultConfigurationName = Release;
		};
/* End XCConfigurationList section */
	};
	rootObject = 53E013F92487F29D00480447 /* Project object */;
}
